
Microsoft Visual Studio Solution File, Format Version 12.00
# Visual Studio 15
VisualStudioVersion = 15.0.27130.2010
MinimumVisualStudioVersion = 10.0.40219.1
Project("{FAE04EC0-301F-11D3-BF4B-00C04F79EFBC}") = "TerrainBuilder", "TerrainBuilder\TerrainBuilder.csproj", "{B23F9280-2282-4F9A-A644-AC819F49AE31}"
EndProject
Project("{FAE04EC0-301F-11D3-BF4B-00C04F79EFBC}") = "NoiseGenerators", "NoiseGenerators\NoiseGenerators.csproj", "{8B8924B6-20B9-470A-93E5-93816FCBD2E5}"
EndProject
Project("{FAE04EC0-301F-11D3-BF4B-00C04F79EFBC}") = "NoiseGeneratorsTests", "NoiseGeneratorsTests\NoiseGeneratorsTests.csproj", "{EDF6CEA7-7950-4EC6-8B0D-EC57107EE35F}"
EndProject
Project("{FAE04EC0-301F-11D3-BF4B-00C04F79EFBC}") = "TerrainBuilderGui", "TerrainBuilderGui\TerrainBuilderGui.csproj", "{B3F8C1A2-9440-4ACA-AB74-681BA3BA2DAC}"
EndProject
Global
	GlobalSection(SolutionConfigurationPlatforms) = preSolution
		Debug|Any CPU = Debug|Any CPU
		Release|Any CPU = Release|Any CPU
	EndGlobalSection
	GlobalSection(ProjectConfigurationPlatforms) = postSolution
		{B23F9280-2282-4F9A-A644-AC819F49AE31}.Debug|Any CPU.ActiveCfg = Debug|Any CPU
		{B23F9280-2282-4F9A-A644-AC819F49AE31}.Debug|Any CPU.Build.0 = Debug|Any CPU
		{B23F9280-2282-4F9A-A644-AC819F49AE31}.Release|Any CPU.ActiveCfg = Release|Any CPU
		{B23F9280-2282-4F9A-A644-AC819F49AE31}.Release|Any CPU.Build.0 = Release|Any CPU
		{8B8924B6-20B9-470A-93E5-93816FCBD2E5}.Debug|Any CPU.ActiveCfg = Debug|Any CPU
		{8B8924B6-20B9-470A-93E5-93816FCBD2E5}.Debug|Any CPU.Build.0 = Debug|Any CPU
		{8B8924B6-20B9-470A-93E5-93816FCBD2E5}.Release|Any CPU.ActiveCfg = Release|Any CPU
		{8B8924B6-20B9-470A-93E5-93816FCBD2E5}.Release|Any CPU.Build.0 = Release|Any CPU
		{EDF6CEA7-7950-4EC6-8B0D-EC57107EE35F}.Debug|Any CPU.ActiveCfg = Debug|Any CPU
		{EDF6CEA7-7950-4EC6-8B0D-EC57107EE35F}.Debug|Any CPU.Build.0 = Debug|Any CPU
		{EDF6CEA7-7950-4EC6-8B0D-EC57107EE35F}.Release|Any CPU.ActiveCfg = Release|Any CPU
		{EDF6CEA7-7950-4EC6-8B0D-EC57107EE35F}.Release|Any CPU.Build.0 = Release|Any CPU
		{B3F8C1A2-9440-4ACA-AB74-681BA3BA2DAC}.Debug|Any CPU.ActiveCfg = Debug|Any CPU
		{B3F8C1A2-9440-4ACA-AB74-681BA3BA2DAC}.Debug|Any CPU.Build.0 = Debug|Any CPU
		{B3F8C1A2-9440-4ACA-AB74-681BA3BA2DAC}.Release|Any CPU.ActiveCfg = Release|Any CPU
		{B3F8C1A2-9440-4ACA-AB74-681BA3BA2DAC}.Release|Any CPU.Build.0 = Release|Any CPU
	EndGlobalSection
	GlobalSection(SolutionProperties) = preSolution
		HideSolutionNode = FALSE
	EndGlobalSection
	GlobalSection(ExtensibilityGlobals) = postSolution
		SolutionGuid = {582FD8E4-9E71-454B-8F03-CEBE643D4781}
	EndGlobalSection
EndGlobal
